
Microsoft Visual Studio Solution File, Format Version 12.00
# Visual Studio 15
VisualStudioVersion = 15.0.28307.1340
MinimumVisualStudioVersion = 10.0.40219.1
Project("{FAE04EC0-301F-11D3-BF4B-00C04F79EFBC}") = "TentStore.UI.MVC", "TentStore.UI.MVC\TentStore.UI.MVC.csproj", "{74C937E6-5AF6-4EFC-9D26-E736962A50AF}"
EndProject
Global
	GlobalSection(SolutionConfigurationPlatforms) = preSolution
		Debug|Any CPU = Debug|Any CPU
		Release|Any CPU = Release|Any CPU
	EndGlobalSection
	GlobalSection(ProjectConfigurationPlatforms) = postSolution
		{74C937E6-5AF6-4EFC-9D26-E736962A50AF}.Debug|Any CPU.ActiveCfg = Debug|Any CPU
		{74C937E6-5AF6-4EFC-9D26-E736962A50AF}.Debug|Any CPU.Build.0 = Debug|Any CPU
		{74C937E6-5AF6-4EFC-9D26-E736962A50AF}.Release|Any CPU.ActiveCfg = Release|Any CPU
		{74C937E6-5AF6-4EFC-9D26-E736962A50AF}.Release|Any CPU.Build.0 = Release|Any CPU
	EndGlobalSection
	GlobalSection(SolutionProperties) = preSolution
		HideSolutionNode = FALSE
	EndGlobalSection
	GlobalSection(ExtensibilityGlobals) = postSolution
		SolutionGuid = {128527EA-30C8-425B-9280-B23C9443DB00}
	EndGlobalSection
EndGlobal
